
Microsoft Visual Studio Solution File, Format Version 12.00
# Visual Studio Version 16
VisualStudioVersion = 16.0.29503.13
MinimumVisualStudioVersion = 10.0.40219.1
Project("{FAE04EC0-301F-11D3-BF4B-00C04F79EFBC}") = "Game_SyrovatskijIS", "MyGame\Game_SyrovatskijIS.csproj", "{C82B83F2-92AD-47B9-BD17-FAD92CFDE1FD}"
EndProject
Project("{FAE04EC0-301F-11D3-BF4B-00C04F79EFBC}") = "GenericList", "GenericList\GenericList.csproj", "{F11C5E64-2909-46D9-882C-5B60513633EE}"
EndProject
Project("{FAE04EC0-301F-11D3-BF4B-00C04F79EFBC}") = "UseLambdaAndLinq", "UseLambdaAndLinq\UseLambdaAndLinq.csproj", "{C03864B5-4FD6-4A0C-9E68-E871B922CBA5}"
EndProject
Global
	GlobalSection(SolutionConfigurationPlatforms) = preSolution
		Debug|Any CPU = Debug|Any CPU
		Release|Any CPU = Release|Any CPU
	EndGlobalSection
	GlobalSection(ProjectConfigurationPlatforms) = postSolution
		{C82B83F2-92AD-47B9-BD17-FAD92CFDE1FD}.Debug|Any CPU.ActiveCfg = Debug|Any CPU
		{C82B83F2-92AD-47B9-BD17-FAD92CFDE1FD}.Debug|Any CPU.Build.0 = Debug|Any CPU
		{C82B83F2-92AD-47B9-BD17-FAD92CFDE1FD}.Release|Any CPU.ActiveCfg = Release|Any CPU
		{C82B83F2-92AD-47B9-BD17-FAD92CFDE1FD}.Release|Any CPU.Build.0 = Release|Any CPU
		{F11C5E64-2909-46D9-882C-5B60513633EE}.Debug|Any CPU.ActiveCfg = Debug|Any CPU
		{F11C5E64-2909-46D9-882C-5B60513633EE}.Debug|Any CPU.Build.0 = Debug|Any CPU
		{F11C5E64-2909-46D9-882C-5B60513633EE}.Release|Any CPU.ActiveCfg = Release|Any CPU
		{F11C5E64-2909-46D9-882C-5B60513633EE}.Release|Any CPU.Build.0 = Release|Any CPU
		{C03864B5-4FD6-4A0C-9E68-E871B922CBA5}.Debug|Any CPU.ActiveCfg = Debug|Any CPU
		{C03864B5-4FD6-4A0C-9E68-E871B922CBA5}.Debug|Any CPU.Build.0 = Debug|Any CPU
		{C03864B5-4FD6-4A0C-9E68-E871B922CBA5}.Release|Any CPU.ActiveCfg = Release|Any CPU
		{C03864B5-4FD6-4A0C-9E68-E871B922CBA5}.Release|Any CPU.Build.0 = Release|Any CPU
	EndGlobalSection
	GlobalSection(SolutionProperties) = preSolution
		HideSolutionNode = FALSE
	EndGlobalSection
	GlobalSection(ExtensibilityGlobals) = postSolution
		SolutionGuid = {702ACA93-BA47-413A-B7FA-F220A2CD7D8B}
	EndGlobalSection
EndGlobal
